
Microsoft Visual Studio Solution File, Format Version 12.00
# Visual Studio Version 17
VisualStudioVersion = 17.4.33213.308
MinimumVisualStudioVersion = 10.0.40219.1
Project("{FAE04EC0-301F-11D3-BF4B-00C04F79EFBC}") = "Salarysystem McDonalds", "Salarysystem McDonalds\Salarysystem McDonalds.csproj", "{B76A8D3A-E411-412E-B6D8-0AE6C7F6C287}"
EndProject
Global
	GlobalSection(SolutionConfigurationPlatforms) = preSolution
		Debug|Any CPU = Debug|Any CPU
		Release|Any CPU = Release|Any CPU
	EndGlobalSection
	GlobalSection(ProjectConfigurationPlatforms) = postSolution
		{B76A8D3A-E411-412E-B6D8-0AE6C7F6C287}.Debug|Any CPU.ActiveCfg = Debug|Any CPU
		{B76A8D3A-E411-412E-B6D8-0AE6C7F6C287}.Debug|Any CPU.Build.0 = Debug|Any CPU
		{B76A8D3A-E411-412E-B6D8-0AE6C7F6C287}.Release|Any CPU.ActiveCfg = Release|Any CPU
		{B76A8D3A-E411-412E-B6D8-0AE6C7F6C287}.Release|Any CPU.Build.0 = Release|Any CPU
	EndGlobalSection
	GlobalSection(SolutionProperties) = preSolution
		HideSolutionNode = FALSE
	EndGlobalSection
	GlobalSection(ExtensibilityGlobals) = postSolution
		SolutionGuid = {210E0A82-E744-4A55-83FC-C04B0FC2266D}
	EndGlobalSection
EndGlobal
